
Microsoft Visual Studio Solution File, Format Version 12.00
# Visual Studio 15
VisualStudioVersion = 15.0.27004.2005
MinimumVisualStudioVersion = 10.0.40219.1
Project("{D954291E-2A0B-460D-934E-DC6B0785DB48}") = "Diagnostiks", "Diagnostiks\Diagnostiks\Diagnostiks.shproj", "{D940B760-0440-402B-9172-E897EF8F2B35}"
EndProject
Project("{FAE04EC0-301F-11D3-BF4B-00C04F79EFBC}") = "Diagnostiks.Android", "Diagnostiks\Diagnostiks.Android\Diagnostiks.Android.csproj", "{52ABF2D6-BBFE-4147-AE40-B8F24BA51C7F}"
EndProject
Project("{FAE04EC0-301F-11D3-BF4B-00C04F79EFBC}") = "Diagnostiks.iOS", "Diagnostiks\Diagnostiks.iOS\Diagnostiks.iOS.csproj", "{54C2367F-4FA6-470F-8880-8553587C90DF}"
EndProject
Project("{FAE04EC0-301F-11D3-BF4B-00C04F79EFBC}") = "Diagnostiks.UWP", "Diagnostiks\Diagnostiks.UWP\Diagnostiks.UWP.csproj", "{CEFFFAE2-7420-4364-8A92-047F82BF4C5A}"
EndProject
Global
	GlobalSection(SharedMSBuildProjectFiles) = preSolution
		Diagnostiks\Diagnostiks\Diagnostiks.projitems*{52abf2d6-bbfe-4147-ae40-b8f24ba51c7f}*SharedItemsImports = 4
		Diagnostiks\Diagnostiks\Diagnostiks.projitems*{54c2367f-4fa6-470f-8880-8553587c90df}*SharedItemsImports = 4
		Diagnostiks\Diagnostiks\Diagnostiks.projitems*{cefffae2-7420-4364-8a92-047f82bf4c5a}*SharedItemsImports = 4
		Diagnostiks\Diagnostiks\Diagnostiks.projitems*{d940b760-0440-402b-9172-e897ef8f2b35}*SharedItemsImports = 13
	EndGlobalSection
	GlobalSection(SolutionConfigurationPlatforms) = preSolution
		Ad-Hoc|Any CPU = Ad-Hoc|Any CPU
		Ad-Hoc|ARM = Ad-Hoc|ARM
		Ad-Hoc|iPhone = Ad-Hoc|iPhone
		Ad-Hoc|iPhoneSimulator = Ad-Hoc|iPhoneSimulator
		Ad-Hoc|x64 = Ad-Hoc|x64
		Ad-Hoc|x86 = Ad-Hoc|x86
		AppStore|Any CPU = AppStore|Any CPU
		AppStore|ARM = AppStore|ARM
		AppStore|iPhone = AppStore|iPhone
		AppStore|iPhoneSimulator = AppStore|iPhoneSimulator
		AppStore|x64 = AppStore|x64
		AppStore|x86 = AppStore|x86
		Debug|Any CPU = Debug|Any CPU
		Debug|ARM = Debug|ARM
		Debug|iPhone = Debug|iPhone
		Debug|iPhoneSimulator = Debug|iPhoneSimulator
		Debug|x64 = Debug|x64
		Debug|x86 = Debug|x86
		Release|Any CPU = Release|Any CPU
		Release|ARM = Release|ARM
		Release|iPhone = Release|iPhone
		Release|iPhoneSimulator = Release|iPhoneSimulator
		Release|x64 = Release|x64
		Release|x86 = Release|x86
	EndGlobalSection
	GlobalSection(ProjectConfigurationPlatforms) = postSolution
		{52ABF2D6-BBFE-4147-AE40-B8F24BA51C7F}.Ad-Hoc|Any CPU.ActiveCfg = Release|Any CPU
		{52ABF2D6-BBFE-4147-AE40-B8F24BA51C7F}.Ad-Hoc|Any CPU.Build.0 = Release|Any CPU
		{52ABF2D6-BBFE-4147-AE40-B8F24BA51C7F}.Ad-Hoc|Any CPU.Deploy.0 = Release|Any CPU
		{52ABF2D6-BBFE-4147-AE40-B8F24BA51C7F}.Ad-Hoc|ARM.ActiveCfg = Release|Any CPU
		{52ABF2D6-BBFE-4147-AE40-B8F24BA51C7F}.Ad-Hoc|ARM.Build.0 = Release|Any CPU
		{52ABF2D6-BBFE-4147-AE40-B8F24BA51C7F}.Ad-Hoc|ARM.Deploy.0 = Release|Any CPU
		{52ABF2D6-BBFE-4147-AE40-B8F24BA51C7F}.Ad-Hoc|iPhone.ActiveCfg = Release|Any CPU
		{52ABF2D6-BBFE-4147-AE40-B8F24BA51C7F}.Ad-Hoc|iPhone.Build.0 = Release|Any CPU
		{52ABF2D6-BBFE-4147-AE40-B8F24BA51C7F}.Ad-Hoc|iPhone.Deploy.0 = Release|Any CPU
		{52ABF2D6-BBFE-4147-AE40-B8F24BA51C7F}.Ad-Hoc|iPhoneSimulator.ActiveCfg = Release|Any CPU
		{52ABF2D6-BBFE-4147-AE40-B8F24BA51C7F}.Ad-Hoc|iPhoneSimulator.Build.0 = Release|Any CPU
		{52ABF2D6-BBFE-4147-AE40-B8F24BA51C7F}.Ad-Hoc|iPhoneSimulator.Deploy.0 = Release|Any CPU
		{52ABF2D6-BBFE-4147-AE40-B8F24BA51C7F}.Ad-Hoc|x64.ActiveCfg = Release|Any CPU
		{52ABF2D6-BBFE-4147-AE40-B8F24BA51C7F}.Ad-Hoc|x64.Build.0 = Release|Any CPU
		{52ABF2D6-BBFE-4147-AE40-B8F24BA51C7F}.Ad-Hoc|x64.Deploy.0 = Release|Any CPU
		{52ABF2D6-BBFE-4147-AE40-B8F24BA51C7F}.Ad-Hoc|x86.ActiveCfg = Release|Any CPU
		{52ABF2D6-BBFE-4147-AE40-B8F24BA51C7F}.Ad-Hoc|x86.Build.0 = Release|Any CPU
		{52ABF2D6-BBFE-4147-AE40-B8F24BA51C7F}.Ad-Hoc|x86.Deploy.0 = Release|Any CPU
		{52ABF2D6-BBFE-4147-AE40-B8F24BA51C7F}.AppStore|Any CPU.ActiveCfg = Release|Any CPU
		{52ABF2D6-BBFE-4147-AE40-B8F24BA51C7F}.AppStore|Any CPU.Build.0 = Release|Any CPU
		{52ABF2D6-BBFE-4147-AE40-B8F24BA51C7F}.AppStore|Any CPU.Deploy.0 = Release|Any CPU
		{52ABF2D6-BBFE-4147-AE40-B8F24BA51C7F}.AppStore|ARM.ActiveCfg = Release|Any CPU
		{52ABF2D6-BBFE-4147-AE40-B8F24BA51C7F}.AppStore|ARM.Build.0 = Release|Any CPU
		{52ABF2D6-BBFE-4147-AE40-B8F24BA51C7F}.AppStore|ARM.Deploy.0 = Release|Any CPU
		{52ABF2D6-BBFE-4147-AE40-B8F24BA51C7F}.AppStore|iPhone.ActiveCfg = Release|Any CPU
		{52ABF2D6-BBFE-4147-AE40-B8F24BA51C7F}.AppStore|iPhone.Build.0 = Release|Any CPU
		{52ABF2D6-BBFE-4147-AE40-B8F24BA51C7F}.AppStore|iPhone.Deploy.0 = Release|Any CPU
		{52ABF2D6-BBFE-4147-AE40-B8F24BA51C7F}.AppStore|iPhoneSimulator.ActiveCfg = Release|Any CPU
		{52ABF2D6-BBFE-4147-AE40-B8F24BA51C7F}.AppStore|iPhoneSimulator.Build.0 = Release|Any CPU
		{52ABF2D6-BBFE-4147-AE40-B8F24BA51C7F}.AppStore|iPhoneSimulator.Deploy.0 = Release|Any CPU
		{52ABF2D6-BBFE-4147-AE40-B8F24BA51C7F}.AppStore|x64.ActiveCfg = Release|Any CPU
		{52ABF2D6-BBFE-4147-AE40-B8F24BA51C7F}.AppStore|x64.Build.0 = Release|Any CPU
		{52ABF2D6-BBFE-4147-AE40-B8F24BA51C7F}.AppStore|x64.Deploy.0 = Release|Any CPU
		{52ABF2D6-BBFE-4147-AE40-B8F24BA51C7F}.AppStore|x86.ActiveCfg = Release|Any CPU
		{52ABF2D6-BBFE-4147-AE40-B8F24BA51C7F}.AppStore|x86.Build.0 = Release|Any CPU
		{52ABF2D6-BBFE-4147-AE40-B8F24BA51C7F}.AppStore|x86.Deploy.0 = Release|Any CPU
		{52ABF2D6-BBFE-4147-AE40-B8F24BA51C7F}.Debug|Any CPU.ActiveCfg = Debug|Any CPU
		{52ABF2D6-BBFE-4147-AE40-B8F24BA51C7F}.Debug|Any CPU.Build.0 = Debug|Any CPU
		{52ABF2D6-BBFE-4147-AE40-B8F24BA51C7F}.Debug|Any CPU.Deploy.0 = Debug|Any CPU
		{52ABF2D6-BBFE-4147-AE40-B8F24BA51C7F}.Debug|ARM.ActiveCfg = Debug|Any CPU
		{52ABF2D6-BBFE-4147-AE40-B8F24BA51C7F}.Debug|ARM.Build.0 = Debug|Any CPU
		{52ABF2D6-BBFE-4147-AE40-B8F24BA51C7F}.Debug|ARM.Deploy.0 = Debug|Any CPU
		{52ABF2D6-BBFE-4147-AE40-B8F24BA51C7F}.Debug|iPhone.ActiveCfg = Debug|Any CPU
		{52ABF2D6-BBFE-4147-AE40-B8F24BA51C7F}.Debug|iPhone.Build.0 = Debug|Any CPU
		{52ABF2D6-BBFE-4147-AE40-B8F24BA51C7F}.Debug|iPhone.Deploy.0 = Debug|Any CPU
		{52ABF2D6-BBFE-4147-AE40-B8F24BA51C7F}.Debug|iPhoneSimulator.ActiveCfg = Debug|Any CPU
		{52ABF2D6-BBFE-4147-AE40-B8F24BA51C7F}.Debug|iPhoneSimulator.Build.0 = Debug|Any CPU
		{52ABF2D6-BBFE-4147-AE40-B8F24BA51C7F}.Debug|iPhoneSimulator.Deploy.0 = Debug|Any CPU
		{52ABF2D6-BBFE-4147-AE40-B8F24BA51C7F}.Debug|x64.ActiveCfg = Debug|Any CPU
		{52ABF2D6-BBFE-4147-AE40-B8F24BA51C7F}.Debug|x64.Build.0 = Debug|Any CPU
		{52ABF2D6-BBFE-4147-AE40-B8F24BA51C7F}.Debug|x64.Deploy.0 = Debug|Any CPU
		{52ABF2D6-BBFE-4147-AE40-B8F24BA51C7F}.Debug|x86.ActiveCfg = Debug|Any CPU
		{52ABF2D6-BBFE-4147-AE40-B8F24BA51C7F}.Debug|x86.Build.0 = Debug|Any CPU
		{52ABF2D6-BBFE-4147-AE40-B8F24BA51C7F}.Debug|x86.Deploy.0 = Debug|Any CPU
		{52ABF2D6-BBFE-4147-AE40-B8F24BA51C7F}.Release|Any CPU.ActiveCfg = Release|Any CPU
		{52ABF2D6-BBFE-4147-AE40-B8F24BA51C7F}.Release|Any CPU.Build.0 = Release|Any CPU
		{52ABF2D6-BBFE-4147-AE40-B8F24BA51C7F}.Release|Any CPU.Deploy.0 = Release|Any CPU
		{52ABF2D6-BBFE-4147-AE40-B8F24BA51C7F}.Release|ARM.ActiveCfg = Release|Any CPU
		{52ABF2D6-BBFE-4147-AE40-B8F24BA51C7F}.Release|ARM.Build.0 = Release|Any CPU
		{52ABF2D6-BBFE-4147-AE40-B8F24BA51C7F}.Release|ARM.Deploy.0 = Release|Any CPU
		{52ABF2D6-BBFE-4147-AE40-B8F24BA51C7F}.Release|iPhone.ActiveCfg = Release|Any CPU
		{52ABF2D6-BBFE-4147-AE40-B8F24BA51C7F}.Release|iPhone.Build.0 = Release|Any CPU
		{52ABF2D6-BBFE-4147-AE40-B8F24BA51C7F}.Release|iPhone.Deploy.0 = Release|Any CPU
		{52ABF2D6-BBFE-4147-AE40-B8F24BA51C7F}.Release|iPhoneSimulator.ActiveCfg = Release|Any CPU
		{52ABF2D6-BBFE-4147-AE40-B8F24BA51C7F}.Release|iPhoneSimulator.Build.0 = Release|Any CPU
		{52ABF2D6-BBFE-4147-AE40-B8F24BA51C7F}.Release|iPhoneSimulator.Deploy.0 = Release|Any CPU
		{52ABF2D6-BBFE-4147-AE40-B8F24BA51C7F}.Release|x64.ActiveCfg = Release|Any CPU
		{52ABF2D6-BBFE-4147-AE40-B8F24BA51C7F}.Release|x64.Build.0 = Release|Any CPU
		{52ABF2D6-BBFE-4147-AE40-B8F24BA51C7F}.Release|x64.Deploy.0 = Release|Any CPU
		{52ABF2D6-BBFE-4147-AE40-B8F24BA51C7F}.Release|x86.ActiveCfg = Release|Any CPU
		{52ABF2D6-BBFE-4147-AE40-B8F24BA51C7F}.Release|x86.Build.0 = Release|Any CPU
		{52ABF2D6-BBFE-4147-AE40-B8F24BA51C7F}.Release|x86.Deploy.0 = Release|Any CPU
		{54C2367F-4FA6-470F-8880-8553587C90DF}.Ad-Hoc|Any CPU.ActiveCfg = Ad-Hoc|iPhoneSimulator
		{54C2367F-4FA6-470F-8880-8553587C90DF}.Ad-Hoc|ARM.ActiveCfg = Ad-Hoc|iPhone
		{54C2367F-4FA6-470F-8880-8553587C90DF}.Ad-Hoc|iPhone.ActiveCfg = Ad-Hoc|iPhone
		{54C2367F-4FA6-470F-8880-8553587C90DF}.Ad-Hoc|iPhone.Build.0 = Ad-Hoc|iPhone
		{54C2367F-4FA6-470F-8880-8553587C90DF}.Ad-Hoc|iPhoneSimulator.ActiveCfg = Ad-Hoc|iPhoneSimulator
		{54C2367F-4FA6-470F-8880-8553587C90DF}.Ad-Hoc|iPhoneSimulator.Build.0 = Ad-Hoc|iPhoneSimulator
		{54C2367F-4FA6-470F-8880-8553587C90DF}.Ad-Hoc|x64.ActiveCfg = Ad-Hoc|iPhone
		{54C2367F-4FA6-470F-8880-8553587C90DF}.Ad-Hoc|x86.ActiveCfg = Ad-Hoc|iPhone
		{54C2367F-4FA6-470F-8880-8553587C90DF}.AppStore|Any CPU.ActiveCfg = AppStore|iPhoneSimulator
		{54C2367F-4FA6-470F-8880-8553587C90DF}.AppStore|ARM.ActiveCfg = AppStore|iPhone
		{54C2367F-4FA6-470F-8880-8553587C90DF}.AppStore|iPhone.ActiveCfg = AppStore|iPhone
		{54C2367F-4FA6-470F-8880-8553587C90DF}.AppStore|iPhone.Build.0 = AppStore|iPhone
		{54C2367F-4FA6-470F-8880-8553587C90DF}.AppStore|iPhoneSimulator.ActiveCfg = AppStore|iPhoneSimulator
		{54C2367F-4FA6-470F-8880-8553587C90DF}.AppStore|iPhoneSimulator.Build.0 = AppStore|iPhoneSimulator
		{54C2367F-4FA6-470F-8880-8553587C90DF}.AppStore|x64.ActiveCfg = AppStore|iPhone
		{54C2367F-4FA6-470F-8880-8553587C90DF}.AppStore|x86.ActiveCfg = AppStore|iPhone
		{54C2367F-4FA6-470F-8880-8553587C90DF}.Debug|Any CPU.ActiveCfg = Debug|iPhoneSimulator
		{54C2367F-4FA6-470F-8880-8553587C90DF}.Debug|ARM.ActiveCfg = Debug|iPhone
		{54C2367F-4FA6-470F-8880-8553587C90DF}.Debug|iPhone.ActiveCfg = Debug|iPhone
		{54C2367F-4FA6-470F-8880-8553587C90DF}.Debug|iPhone.Build.0 = Debug|iPhone
		{54C2367F-4FA6-470F-8880-8553587C90DF}.Debug|iPhoneSimulator.ActiveCfg = Debug|iPhoneSimulator
		{54C2367F-4FA6-470F-8880-8553587C90DF}.Debug|iPhoneSimulator.Build.0 = Debug|iPhoneSimulator
		{54C2367F-4FA6-470F-8880-8553587C90DF}.Debug|x64.ActiveCfg = Debug|iPhone
		{54C2367F-4FA6-470F-8880-8553587C90DF}.Debug|x86.ActiveCfg = Debug|iPhone
		{54C2367F-4FA6-470F-8880-8553587C90DF}.Release|Any CPU.ActiveCfg = Release|iPhoneSimulator
		{54C2367F-4FA6-470F-8880-8553587C90DF}.Release|ARM.ActiveCfg = Release|iPhone
		{54C2367F-4FA6-470F-8880-8553587C90DF}.Release|iPhone.ActiveCfg = Release|iPhone
		{54C2367F-4FA6-470F-8880-8553587C90DF}.Release|iPhone.Build.0 = Release|iPhone
		{54C2367F-4FA6-470F-8880-8553587C90DF}.Release|iPhoneSimulator.ActiveCfg = Release|iPhoneSimulator
		{54C2367F-4FA6-470F-8880-8553587C90DF}.Release|iPhoneSimulator.Build.0 = Release|iPhoneSimulator
		{54C2367F-4FA6-470F-8880-8553587C90DF}.Release|x64.ActiveCfg = Release|iPhone
		{54C2367F-4FA6-470F-8880-8553587C90DF}.Release|x86.ActiveCfg = Release|iPhone
		{CEFFFAE2-7420-4364-8A92-047F82BF4C5A}.Ad-Hoc|Any CPU.ActiveCfg = Release|x86
		{CEFFFAE2-7420-4364-8A92-047F82BF4C5A}.Ad-Hoc|Any CPU.Build.0 = Release|x86
		{CEFFFAE2-7420-4364-8A92-047F82BF4C5A}.Ad-Hoc|Any CPU.Deploy.0 = Release|x86
		{CEFFFAE2-7420-4364-8A92-047F82BF4C5A}.Ad-Hoc|ARM.ActiveCfg = Release|ARM
		{CEFFFAE2-7420-4364-8A92-047F82BF4C5A}.Ad-Hoc|ARM.Build.0 = Release|ARM
		{CEFFFAE2-7420-4364-8A92-047F82BF4C5A}.Ad-Hoc|ARM.Deploy.0 = Release|ARM
		{CEFFFAE2-7420-4364-8A92-047F82BF4C5A}.Ad-Hoc|iPhone.ActiveCfg = Release|x86
		{CEFFFAE2-7420-4364-8A92-047F82BF4C5A}.Ad-Hoc|iPhone.Build.0 = Release|x86
		{CEFFFAE2-7420-4364-8A92-047F82BF4C5A}.Ad-Hoc|iPhone.Deploy.0 = Release|x86
		{CEFFFAE2-7420-4364-8A92-047F82BF4C5A}.Ad-Hoc|iPhoneSimulator.ActiveCfg = Release|x86
		{CEFFFAE2-7420-4364-8A92-047F82BF4C5A}.Ad-Hoc|iPhoneSimulator.Build.0 = Release|x86
		{CEFFFAE2-7420-4364-8A92-047F82BF4C5A}.Ad-Hoc|iPhoneSimulator.Deploy.0 = Release|x86
		{CEFFFAE2-7420-4364-8A92-047F82BF4C5A}.Ad-Hoc|x64.ActiveCfg = Release|x64
		{CEFFFAE2-7420-4364-8A92-047F82BF4C5A}.Ad-Hoc|x64.Build.0 = Release|x64
		{CEFFFAE2-7420-4364-8A92-047F82BF4C5A}.Ad-Hoc|x64.Deploy.0 = Release|x64
		{CEFFFAE2-7420-4364-8A92-047F82BF4C5A}.Ad-Hoc|x86.ActiveCfg = Release|x86
		{CEFFFAE2-7420-4364-8A92-047F82BF4C5A}.Ad-Hoc|x86.Build.0 = Release|x86
		{CEFFFAE2-7420-4364-8A92-047F82BF4C5A}.Ad-Hoc|x86.Deploy.0 = Release|x86
		{CEFFFAE2-7420-4364-8A92-047F82BF4C5A}.AppStore|Any CPU.ActiveCfg = Release|x86
		{CEFFFAE2-7420-4364-8A92-047F82BF4C5A}.AppStore|Any CPU.Build.0 = Release|x86
		{CEFFFAE2-7420-4364-8A92-047F82BF4C5A}.AppStore|Any CPU.Deploy.0 = Release|x86
		{CEFFFAE2-7420-4364-8A92-047F82BF4C5A}.AppStore|ARM.ActiveCfg = Release|ARM
		{CEFFFAE2-7420-4364-8A92-047F82BF4C5A}.AppStore|ARM.Build.0 = Release|ARM
		{CEFFFAE2-7420-4364-8A92-047F82BF4C5A}.AppStore|ARM.Deploy.0 = Release|ARM
		{CEFFFAE2-7420-4364-8A92-047F82BF4C5A}.AppStore|iPhone.ActiveCfg = Release|x86
		{CEFFFAE2-7420-4364-8A92-047F82BF4C5A}.AppStore|iPhone.Build.0 = Release|x86
		{CEFFFAE2-7420-4364-8A92-047F82BF4C5A}.AppStore|iPhone.Deploy.0 = Release|x86
		{CEFFFAE2-7420-4364-8A92-047F82BF4C5A}.AppStore|iPhoneSimulator.ActiveCfg = Release|x86
		{CEFFFAE2-7420-4364-8A92-047F82BF4C5A}.AppStore|iPhoneSimulator.Build.0 = Release|x86
		{CEFFFAE2-7420-4364-8A92-047F82BF4C5A}.AppStore|iPhoneSimulator.Deploy.0 = Release|x86
		{CEFFFAE2-7420-4364-8A92-047F82BF4C5A}.AppStore|x64.ActiveCfg = Release|x64
		{CEFFFAE2-7420-4364-8A92-047F82BF4C5A}.AppStore|x64.Build.0 = Release|x64
		{CEFFFAE2-7420-4364-8A92-047F82BF4C5A}.AppStore|x64.Deploy.0 = Release|x64
		{CEFFFAE2-7420-4364-8A92-047F82BF4C5A}.AppStore|x86.ActiveCfg = Release|x86
		{CEFFFAE2-7420-4364-8A92-047F82BF4C5A}.AppStore|x86.Build.0 = Release|x86
		{CEFFFAE2-7420-4364-8A92-047F82BF4C5A}.AppStore|x86.Deploy.0 = Release|x86
		{CEFFFAE2-7420-4364-8A92-047F82BF4C5A}.Debug|Any CPU.ActiveCfg = Debug|x86
		{CEFFFAE2-7420-4364-8A92-047F82BF4C5A}.Debug|ARM.ActiveCfg = Debug|ARM
		{CEFFFAE2-7420-4364-8A92-047F82BF4C5A}.Debug|ARM.Build.0 = Debug|ARM
		{CEFFFAE2-7420-4364-8A92-047F82BF4C5A}.Debug|ARM.Deploy.0 = Debug|ARM
		{CEFFFAE2-7420-4364-8A92-047F82BF4C5A}.Debug|iPhone.ActiveCfg = Debug|x86
		{CEFFFAE2-7420-4364-8A92-047F82BF4C5A}.Debug|iPhoneSimulator.ActiveCfg = Debug|x86
		{CEFFFAE2-7420-4364-8A92-047F82BF4C5A}.Debug|x64.ActiveCfg = Debug|x64
		{CEFFFAE2-7420-4364-8A92-047F82BF4C5A}.Debug|x64.Build.0 = Debug|x64
		{CEFFFAE2-7420-4364-8A92-047F82BF4C5A}.Debug|x64.Deploy.0 = Debug|x64
		{CEFFFAE2-7420-4364-8A92-047F82BF4C5A}.Debug|x86.ActiveCfg = Debug|x86
		{CEFFFAE2-7420-4364-8A92-047F82BF4C5A}.Debug|x86.Build.0 = Debug|x86
		{CEFFFAE2-7420-4364-8A92-047F82BF4C5A}.Debug|x86.Deploy.0 = Debug|x86
		{CEFFFAE2-7420-4364-8A92-047F82BF4C5A}.Release|Any CPU.ActiveCfg = Release|x86
		{CEFFFAE2-7420-4364-8A92-047F82BF4C5A}.Release|ARM.ActiveCfg = Release|ARM
		{CEFFFAE2-7420-4364-8A92-047F82BF4C5A}.Release|ARM.Build.0 = Release|ARM
		{CEFFFAE2-7420-4364-8A92-047F82BF4C5A}.Release|ARM.Deploy.0 = Release|ARM
		{CEFFFAE2-7420-4364-8A92-047F82BF4C5A}.Release|iPhone.ActiveCfg = Release|x86
		{CEFFFAE2-7420-4364-8A92-047F82BF4C5A}.Release|iPhoneSimulator.ActiveCfg = Release|x86
		{CEFFFAE2-7420-4364-8A92-047F82BF4C5A}.Release|x64.ActiveCfg = Release|x64
		{CEFFFAE2-7420-4364-8A92-047F82BF4C5A}.Release|x64.Build.0 = Release|x64
		{CEFFFAE2-7420-4364-8A92-047F82BF4C5A}.Release|x64.Deploy.0 = Release|x64
		{CEFFFAE2-7420-4364-8A92-047F82BF4C5A}.Release|x86.ActiveCfg = Release|x86
		{CEFFFAE2-7420-4364-8A92-047F82BF4C5A}.Release|x86.Build.0 = Release|x86
		{CEFFFAE2-7420-4364-8A92-047F82BF4C5A}.Release|x86.Deploy.0 = Release|x86
	EndGlobalSection
	GlobalSection(SolutionProperties) = preSolution
		HideSolutionNode = FALSE
	EndGlobalSection
	GlobalSection(ExtensibilityGlobals) = postSolution
		SolutionGuid = {AEFFD63D-609B-47BC-A397-29DDF1690C89}
	EndGlobalSection
EndGlobal
